
Microsoft Visual Studio Solution File, Format Version 12.00
# Visual Studio 15
VisualStudioVersion = 15.0.26730.12
MinimumVisualStudioVersion = 10.0.40219.1
Project("{FAE04EC0-301F-11D3-BF4B-00C04F79EFBC}") = "PracticeTask3", "PracticeTask3\PracticeTask3.csproj", "{E65D2FAB-7624-4686-AD18-E219E9ED48A1}"
EndProject
Global
	GlobalSection(SolutionConfigurationPlatforms) = preSolution
		Debug|Any CPU = Debug|Any CPU
		Release|Any CPU = Release|Any CPU
	EndGlobalSection
	GlobalSection(ProjectConfigurationPlatforms) = postSolution
		{E65D2FAB-7624-4686-AD18-E219E9ED48A1}.Debug|Any CPU.ActiveCfg = Debug|Any CPU
		{E65D2FAB-7624-4686-AD18-E219E9ED48A1}.Debug|Any CPU.Build.0 = Debug|Any CPU
		{E65D2FAB-7624-4686-AD18-E219E9ED48A1}.Release|Any CPU.ActiveCfg = Release|Any CPU
		{E65D2FAB-7624-4686-AD18-E219E9ED48A1}.Release|Any CPU.Build.0 = Release|Any CPU
	EndGlobalSection
	GlobalSection(SolutionProperties) = preSolution
		HideSolutionNode = FALSE
	EndGlobalSection
	GlobalSection(ExtensibilityGlobals) = postSolution
		SolutionGuid = {4C02C270-D065-413E-9120-B0A2369213DA}
	EndGlobalSection
EndGlobal
